
Microsoft Visual Studio Solution File, Format Version 12.00
# Visual Studio Version 17
VisualStudioVersion = 17.10.35013.160
MinimumVisualStudioVersion = 10.0.40219.1
Project("{FAE04EC0-301F-11D3-BF4B-00C04F79EFBC}") = "turn based combact game", "turn based combact game\turn based combact game.csproj", "{B4C8EF3E-CAD2-429A-9F2E-9A6DED267796}"
EndProject
Global
	GlobalSection(SolutionConfigurationPlatforms) = preSolution
		Debug|Any CPU = Debug|Any CPU
		Release|Any CPU = Release|Any CPU
	EndGlobalSection
	GlobalSection(ProjectConfigurationPlatforms) = postSolution
		{B4C8EF3E-CAD2-429A-9F2E-9A6DED267796}.Debug|Any CPU.ActiveCfg = Debug|Any CPU
		{B4C8EF3E-CAD2-429A-9F2E-9A6DED267796}.Debug|Any CPU.Build.0 = Debug|Any CPU
		{B4C8EF3E-CAD2-429A-9F2E-9A6DED267796}.Release|Any CPU.ActiveCfg = Release|Any CPU
		{B4C8EF3E-CAD2-429A-9F2E-9A6DED267796}.Release|Any CPU.Build.0 = Release|Any CPU
	EndGlobalSection
	GlobalSection(SolutionProperties) = preSolution
		HideSolutionNode = FALSE
	EndGlobalSection
	GlobalSection(ExtensibilityGlobals) = postSolution
		SolutionGuid = {CC0CD1EB-273F-474F-8EF1-BD9EB547BA61}
	EndGlobalSection
EndGlobal
